// !$*UTF8*$!
{
	archiveVersion = 1;
	classes = {
	};
	objectVersion = 46;
	objects = {

/* Begin PBXBuildFile section */
		829839ED1A7F9122001371D5 /* AppDelegate.m in Sources */ = {isa = PBXBuildFile; fileRef = 829839EC1A7F9122001371D5 /* AppDelegate.m */; };
		829839EF1A7F9122001371D5 /* main.m in Sources */ = {isa = PBXBuildFile; fileRef = 829839EE1A7F9122001371D5 /* main.m */; };
		829839F11A7F9122001371D5 /* Images.xcassets in Resources */ = {isa = PBXBuildFile; fileRef = 829839F01A7F9122001371D5 /* Images.xcassets */; };
		829839F41A7F9122001371D5 /* MainMenu.xib in Resources */ = {isa = PBXBuildFile; fileRef = 829839F21A7F9122001371D5 /* MainMenu.xib */; };
		82983A001A7F9123001371D5 /* OpenZFSUtilityTests.m in Sources */ = {isa = PBXBuildFile; fileRef = 829839FF1A7F9123001371D5 /* OpenZFSUtilityTests.m */; };
		82BD7E1F1A7F986700B87162 /* LICENSE in Resources */ = {isa = PBXBuildFile; fileRef = 82BD7E1D1A7F986700B87162 /* LICENSE */; };
		82BD7E201A7F986700B87162 /* README.md in Sources */ = {isa = PBXBuildFile; fileRef = 82BD7E1E1A7F986700B87162 /* README.md */; };
/* End PBXBuildFile section */

/* Begin PBXContainerItemProxy section */
		829839FA1A7F9122001371D5 /* PBXContainerItemProxy */ = {
			isa = PBXContainerItemProxy;
			containerPortal = 829839DE1A7F9122001371D5 /* Project object */;
			proxyType = 1;
			remoteGlobalIDString = 829839E51A7F9122001371D5;
			remoteInfo = OpenZFSUtility;
		};
/* End PBXContainerItemProxy section */

/* Begin PBXFileReference section */
		829839E61A7F9122001371D5 /* OpenZFSUtility.app */ = {isa = PBXFileReference; explicitFileType = wrapper.application; includeInIndex = 0; path = OpenZFSUtility.app; sourceTree = BUILT_PRODUCTS_DIR; };
		829839EA1A7F9122001371D5 /* Info.plist */ = {isa = PBXFileReference; lastKnownFileType = text.plist.xml; path = Info.plist; sourceTree = "<group>"; };
		829839EB1A7F9122001371D5 /* AppDelegate.h */ = {isa = PBXFileReference; lastKnownFileType = sourcecode.c.h; path = AppDelegate.h; sourceTree = "<group>"; };
		829839EC1A7F9122001371D5 /* AppDelegate.m */ = {isa = PBXFileReference; lastKnownFileType = sourcecode.c.objc; path = AppDelegate.m; sourceTree = "<group>"; };
		829839EE1A7F9122001371D5 /* main.m */ = {isa = PBXFileReference; lastKnownFileType = sourcecode.c.objc; path = main.m; sourceTree = "<group>"; };
		829839F01A7F9122001371D5 /* Images.xcassets */ = {isa = PBXFileReference; lastKnownFileType = folder.assetcatalog; path = Images.xcassets; sourceTree = "<group>"; };
		829839F31A7F9122001371D5 /* Base */ = {isa = PBXFileReference; lastKnownFileType = file.xib; name = Base; path = Base.lproj/MainMenu.xib; sourceTree = "<group>"; };
		829839F91A7F9122001371D5 /* OpenZFSUtilityTests.xctest */ = {isa = PBXFileReference; explicitFileType = wrapper.cfbundle; includeInIndex = 0; path = OpenZFSUtilityTests.xctest; sourceTree = BUILT_PRODUCTS_DIR; };
		829839FE1A7F9122001371D5 /* Info.plist */ = {isa = PBXFileReference; lastKnownFileType = text.plist.xml; path = Info.plist; sourceTree = "<group>"; };
		829839FF1A7F9123001371D5 /* OpenZFSUtilityTests.m */ = {isa = PBXFileReference; lastKnownFileType = sourcecode.c.objc; path = OpenZFSUtilityTests.m; sourceTree = "<group>"; };
		82BD7E1D1A7F986700B87162 /* LICENSE */ = {isa = PBXFileReference; fileEncoding = 4; lastKnownFileType = text; path = LICENSE; sourceTree = "<group>"; };
		82BD7E1E1A7F986700B87162 /* README.md */ = {isa = PBXFileReference; fileEncoding = 4; lastKnownFileType = net.daringfireball.markdown; path = README.md; sourceTree = "<group>"; };
/* End PBXFileReference section */

/* Begin PBXFrameworksBuildPhase section */
		829839E31A7F9122001371D5 /* Frameworks */ = {
			isa = PBXFrameworksBuildPhase;
			buildActionMask = 2147483647;
			files = (
			);
			runOnlyForDeploymentPostprocessing = 0;
		};
		829839F61A7F9122001371D5 /* Frameworks */ = {
			isa = PBXFrameworksBuildPhase;
			buildActionMask = 2147483647;
			files = (
			);
			runOnlyForDeploymentPostprocessing = 0;
		};
/* End PBXFrameworksBuildPhase section */

/* Begin PBXGroup section */
		829839DD1A7F9122001371D5 = {
			isa = PBXGroup;
			children = (
				82BD7E1D1A7F986700B87162 /* LICENSE */,
				82BD7E1E1A7F986700B87162 /* README.md */,
				829839E81A7F9122001371D5 /* OpenZFSUtility */,
				829839FC1A7F9122001371D5 /* OpenZFSUtilityTests */,
				829839E71A7F9122001371D5 /* Products */,
			);
			sourceTree = "<group>";
		};
		829839E71A7F9122001371D5 /* Products */ = {
			isa = PBXGroup;
			children = (
				829839E61A7F9122001371D5 /* OpenZFSUtility.app */,
				829839F91A7F9122001371D5 /* OpenZFSUtilityTests.xctest */,
			);
			name = Products;
			sourceTree = "<group>";
		};
		829839E81A7F9122001371D5 /* OpenZFSUtility */ = {
			isa = PBXGroup;
			children = (
				829839EB1A7F9122001371D5 /* AppDelegate.h */,
				829839EC1A7F9122001371D5 /* AppDelegate.m */,
				829839F01A7F9122001371D5 /* Images.xcassets */,
				829839F21A7F9122001371D5 /* MainMenu.xib */,
				829839E91A7F9122001371D5 /* Supporting Files */,
			);
			path = OpenZFSUtility;
			sourceTree = "<group>";
		};
		829839E91A7F9122001371D5 /* Supporting Files */ = {
			isa = PBXGroup;
			children = (
				829839EA1A7F9122001371D5 /* Info.plist */,
				829839EE1A7F9122001371D5 /* main.m */,
			);
			name = "Supporting Files";
			sourceTree = "<group>";
		};
		829839FC1A7F9122001371D5 /* OpenZFSUtilityTests */ = {
			isa = PBXGroup;
			children = (
				829839FF1A7F9123001371D5 /* OpenZFSUtilityTests.m */,
				829839FD1A7F9122001371D5 /* Supporting Files */,
			);
			path = OpenZFSUtilityTests;
			sourceTree = "<group>";
		};
		829839FD1A7F9122001371D5 /* Supporting Files */ = {
			isa = PBXGroup;
			children = (
				829839FE1A7F9122001371D5 /* Info.plist */,
			);
			name = "Supporting Files";
			sourceTree = "<group>";
		};
/* End PBXGroup section */

/* Begin PBXNativeTarget section */
		829839E51A7F9122001371D5 /* OpenZFSUtility */ = {
			isa = PBXNativeTarget;
			buildConfigurationList = 82983A031A7F9123001371D5 /* Build configuration list for PBXNativeTarget "OpenZFSUtility" */;
			buildPhases = (
				829839E21A7F9122001371D5 /* Sources */,
				829839E31A7F9122001371D5 /* Frameworks */,
				829839E41A7F9122001371D5 /* Resources */,
			);
			buildRules = (
			);
			dependencies = (
			);
			name = OpenZFSUtility;
			productName = OpenZFSUtility;
			productReference = 829839E61A7F9122001371D5 /* OpenZFSUtility.app */;
			productType = "com.apple.product-type.application";
		};
		829839F81A7F9122001371D5 /* OpenZFSUtilityTests */ = {
			isa = PBXNativeTarget;
			buildConfigurationList = 82983A061A7F9123001371D5 /* Build configuration list for PBXNativeTarget "OpenZFSUtilityTests" */;
			buildPhases = (
				829839F51A7F9122001371D5 /* Sources */,
				829839F61A7F9122001371D5 /* Frameworks */,
				829839F71A7F9122001371D5 /* Resources */,
			);
			buildRules = (
			);
			dependencies = (
				829839FB1A7F9122001371D5 /* PBXTargetDependency */,
			);
			name = OpenZFSUtilityTests;
			productName = OpenZFSUtilityTests;
			productReference = 829839F91A7F9122001371D5 /* OpenZFSUtilityTests.xctest */;
			productType = "com.apple.product-type.bundle.unit-test";
		};
/* End PBXNativeTarget section */

/* Begin PBXProject section */
		829839DE1A7F9122001371D5 /* Project object */ = {
			isa = PBXProject;
			attributes = {
				LastUpgradeCheck = 0610;
				ORGANIZATIONNAME = Studiolaundry;
				TargetAttributes = {
					829839E51A7F9122001371D5 = {
						CreatedOnToolsVersion = 6.1.1;
					};
					829839F81A7F9122001371D5 = {
						CreatedOnToolsVersion = 6.1.1;
						TestTargetID = 829839E51A7F9122001371D5;
					};
				};
			};
			buildConfigurationList = 829839E11A7F9122001371D5 /* Build configuration list for PBXProject "OpenZFSUtility" */;
			compatibilityVersion = "Xcode 3.2";
			developmentRegion = English;
			hasScannedForEncodings = 0;
			knownRegions = (
				en,
				Base,
			);
			mainGroup = 829839DD1A7F9122001371D5;
			productRefGroup = 829839E71A7F9122001371D5 /* Products */;
			projectDirPath = "";
			projectRoot = "";
			targets = (
				829839E51A7F9122001371D5 /* OpenZFSUtility */,
				829839F81A7F9122001371D5 /* OpenZFSUtilityTests */,
			);
		};
/* End PBXProject section */

/* Begin PBXResourcesBuildPhase section */
		829839E41A7F9122001371D5 /* Resources */ = {
			isa = PBXResourcesBuildPhase;
			buildActionMask = 2147483647;
			files = (
				82BD7E1F1A7F986700B87162 /* LICENSE in Resources */,
				829839F11A7F9122001371D5 /* Images.xcassets in Resources */,
				829839F41A7F9122001371D5 /* MainMenu.xib in Resources */,
			);
			runOnlyForDeploymentPostprocessing = 0;
		};
		829839F71A7F9122001371D5 /* Resources */ = {
			isa = PBXResourcesBuildPhase;
			buildActionMask = 2147483647;
			files = (
			);
			runOnlyForDeploymentPostprocessing = 0;
		};
/* End PBXResourcesBuildPhase section */

/* Begin PBXSourcesBuildPhase section */
		829839E21A7F9122001371D5 /* Sources */ = {
			isa = PBXSourcesBuildPhase;
			buildActionMask = 2147483647;
			files = (
				82BD7E201A7F986700B87162 /* README.md in Sources */,
				829839EF1A7F9122001371D5 /* main.m in Sources */,
				829839ED1A7F9122001371D5 /* AppDelegate.m in Sources */,
			);
			runOnlyForDeploymentPostprocessing = 0;
		};
		829839F51A7F9122001371D5 /* Sources */ = {
			isa = PBXSourcesBuildPhase;
			buildActionMask = 2147483647;
			files = (
				82983A001A7F9123001371D5 /* OpenZFSUtilityTests.m in Sources */,
			);
			runOnlyForDeploymentPostprocessing = 0;
		};
/* End PBXSourcesBuildPhase section */

/* Begin PBXTargetDependency section */
		829839FB1A7F9122001371D5 /* PBXTargetDependency */ = {
			isa = PBXTargetDependency;
			target = 829839E51A7F9122001371D5 /* OpenZFSUtility */;
			targetProxy = 829839FA1A7F9122001371D5 /* PBXContainerItemProxy */;
		};
/* End PBXTargetDependency section */

/* Begin PBXVariantGroup section */
		829839F21A7F9122001371D5 /* MainMenu.xib */ = {
			isa = PBXVariantGroup;
			children = (
				829839F31A7F9122001371D5 /* Base */,
			);
			name = MainMenu.xib;
			sourceTree = "<group>";
		};
/* End PBXVariantGroup section */

/* Begin XCBuildConfiguration section */
		82983A011A7F9123001371D5 /* Debug */ = {
			isa = XCBuildConfiguration;
			buildSettings = {
				ALWAYS_SEARCH_USER_PATHS = NO;
				CLANG_CXX_LANGUAGE_STANDARD = "gnu++0x";
				CLANG_CXX_LIBRARY = "libc++";
				CLANG_ENABLE_MODULES = YES;
				CLANG_ENABLE_OBJC_ARC = YES;
				CLANG_WARN_BOOL_CONVERSION = YES;
				CLANG_WARN_CONSTANT_CONVERSION = YES;
				CLANG_WARN_DIRECT_OBJC_ISA_USAGE = YES_ERROR;
				CLANG_WARN_EMPTY_BODY = YES;
				CLANG_WARN_ENUM_CONVERSION = YES;
				CLANG_WARN_INT_CONVERSION = YES;
				CLANG_WARN_OBJC_ROOT_CLASS = YES_ERROR;
				CLANG_WARN_UNREACHABLE_CODE = YES;
				CLANG_WARN__DUPLICATE_METHOD_MATCH = YES;
				CODE_SIGN_IDENTITY = "-";
				COPY_PHASE_STRIP = NO;
				ENABLE_STRICT_OBJC_MSGSEND = YES;
				GCC_C_LANGUAGE_STANDARD = gnu99;
				GCC_DYNAMIC_NO_PIC = NO;
				GCC_OPTIMIZATION_LEVEL = 0;
				GCC_PREPROCESSOR_DEFINITIONS = (
					"DEBUG=1",
					"$(inherited)",
				);
				GCC_SYMBOLS_PRIVATE_EXTERN = NO;
				GCC_WARN_64_TO_32_BIT_CONVERSION = YES;
				GCC_WARN_ABOUT_RETURN_TYPE = YES_ERROR;
				GCC_WARN_UNDECLARED_SELECTOR = YES;
				GCC_WARN_UNINITIALIZED_AUTOS = YES_AGGRESSIVE;
				GCC_WARN_UNUSED_FUNCTION = YES;
				GCC_WARN_UNUSED_VARIABLE = YES;
				MACOSX_DEPLOYMENT_TARGET = 10.9;
				MTL_ENABLE_DEBUG_INFO = YES;
				ONLY_ACTIVE_ARCH = YES;
				SDKROOT = macosx;
			};
			name = Debug;
		};
		82983A021A7F9123001371D5 /* Release */ = {
			isa = XCBuildConfiguration;
			buildSettings = {
				ALWAYS_SEARCH_USER_PATHS = NO;
				CLANG_CXX_LANGUAGE_STANDARD = "gnu++0x";
				CLANG_CXX_LIBRARY = "libc++";
				CLANG_ENABLE_MODULES = YES;
				CLANG_ENABLE_OBJC_ARC = YES;
				CLANG_WARN_BOOL_CONVERSION = YES;
				CLANG_WARN_CONSTANT_CONVERSION = YES;
				CLANG_WARN_DIRECT_OBJC_ISA_USAGE = YES_ERROR;
				CLANG_WARN_EMPTY_BODY = YES;
				CLANG_WARN_ENUM_CONVERSION = YES;
				CLANG_WARN_INT_CONVERSION = YES;
				CLANG_WARN_OBJC_ROOT_CLASS = YES_ERROR;
				CLANG_WARN_UNREACHABLE_CODE = YES;
				CLANG_WARN__DUPLICATE_METHOD_MATCH = YES;
				CODE_SIGN_IDENTITY = "-";
				COPY_PHASE_STRIP = YES;
				DEBUG_INFORMATION_FORMAT = "dwarf-with-dsym";
				ENABLE_NS_ASSERTIONS = NO;
				ENABLE_STRICT_OBJC_MSGSEND = YES;
				GCC_C_LANGUAGE_STANDARD = gnu99;
				GCC_WARN_64_TO_32_BIT_CONVERSION = YES;
				GCC_WARN_ABOUT_RETURN_TYPE = YES_ERROR;
				GCC_WARN_UNDECLARED_SELECTOR = YES;
				GCC_WARN_UNINITIALIZED_AUTOS = YES_AGGRESSIVE;
				GCC_WARN_UNUSED_FUNCTION = YES;
				GCC_WARN_UNUSED_VARIABLE = YES;
				MACOSX_DEPLOYMENT_TARGET = 10.9;
				MTL_ENABLE_DEBUG_INFO = NO;
				SDKROOT = macosx;
			};
			name = Release;
		};
		82983A041A7F9123001371D5 /* Debug */ = {
			isa = XCBuildConfiguration;
			buildSettings = {
				ASSETCATALOG_COMPILER_APPICON_NAME = AppIcon;
				COMBINE_HIDPI_IMAGES = YES;
				INFOPLIST_FILE = OpenZFSUtility/Info.plist;
				LD_RUNPATH_SEARCH_PATHS = "$(inherited) @executable_path/../Frameworks";
				PRODUCT_NAME = "$(TARGET_NAME)";
			};
			name = Debug;
		};
		82983A051A7F9123001371D5 /* Release */ = {
			isa = XCBuildConfiguration;
			buildSettings = {
				ASSETCATALOG_COMPILER_APPICON_NAME = AppIcon;
				COMBINE_HIDPI_IMAGES = YES;
				INFOPLIST_FILE = OpenZFSUtility/Info.plist;
				LD_RUNPATH_SEARCH_PATHS = "$(inherited) @executable_path/../Frameworks";
				PRODUCT_NAME = "$(TARGET_NAME)";
			};
			name = Release;
		};
		82983A071A7F9123001371D5 /* Debug */ = {
			isa = XCBuildConfiguration;
			buildSettings = {
				BUNDLE_LOADER = "$(TEST_HOST)";
				COMBINE_HIDPI_IMAGES = YES;
				FRAMEWORK_SEARCH_PATHS = (
					"$(DEVELOPER_FRAMEWORKS_DIR)",
					"$(inherited)",
				);
				GCC_PREPROCESSOR_DEFINITIONS = (
					"DEBUG=1",
					"$(inherited)",
				);
				INFOPLIST_FILE = OpenZFSUtilityTests/Info.plist;
				LD_RUNPATH_SEARCH_PATHS = "$(inherited) @executable_path/../Frameworks @loader_path/../Frameworks";
				PRODUCT_NAME = "$(TARGET_NAME)";
				TEST_HOST = "$(BUILT_PRODUCTS_DIR)/OpenZFSUtility.app/Contents/MacOS/OpenZFSUtility";
			};
			name = Debug;
		};
		82983A081A7F9123001371D5 /* Release */ = {
			isa = XCBuildConfiguration;
			buildSettings = {
				BUNDLE_LOADER = "$(TEST_HOST)";
				COMBINE_HIDPI_IMAGES = YES;
				FRAMEWORK_SEARCH_PATHS = (
					"$(DEVELOPER_FRAMEWORKS_DIR)",
					"$(inherited)",
				);
				INFOPLIST_FILE = OpenZFSUtilityTests/Info.plist;
				LD_RUNPATH_SEARCH_PATHS = "$(inherited) @executable_path/../Frameworks @loader_path/../Frameworks";
				PRODUCT_NAME = "$(TARGET_NAME)";
				TEST_HOST = "$(BUILT_PRODUCTS_DIR)/OpenZFSUtility.app/Contents/MacOS/OpenZFSUtility";
			};
			name = Release;
		};
/* End XCBuildConfiguration section */

/* Begin XCConfigurationList section */
		829839E11A7F9122001371D5 /* Build configuration list for PBXProject "OpenZFSUtility" */ = {
			isa = XCConfigurationList;
			buildConfigurations = (
				82983A011A7F9123001371D5 /* Debug */,
				82983A021A7F9123001371D5 /* Release */,
			);
			defaultConfigurationIsVisible = 0;
			defaultConfigurationName = Release;
		};
		82983A031A7F9123001371D5 /* Build configuration list for PBXNativeTarget "OpenZFSUtility" */ = {
			isa = XCConfigurationList;
			buildConfigurations = (
				82983A041A7F9123001371D5 /* Debug */,
				82983A051A7F9123001371D5 /* Release */,
			);
			defaultConfigurationIsVisible = 0;
			defaultConfigurationName = Release;
		};
		82983A061A7F9123001371D5 /* Build configuration list for PBXNativeTarget "OpenZFSUtilityTests" */ = {
			isa = XCConfigurationList;
			buildConfigurations = (
				82983A071A7F9123001371D5 /* Debug */,
				82983A081A7F9123001371D5 /* Release */,
			);
			defaultConfigurationIsVisible = 0;
			defaultConfigurationName = Release;
		};
/* End XCConfigurationList section */
	};
	rootObject = 829839DE1A7F9122001371D5 /* Project object */;
}
